
Microsoft Visual Studio Solution File, Format Version 12.00
# Visual Studio Version 16
VisualStudioVersion = 16.0.30611.23
MinimumVisualStudioVersion = 10.0.40219.1
Project("{9A19103F-16F7-4668-BE54-9A1E7A4F7556}") = "QLDA.Core.API", "QLDA.Core.API\QLDA.Core.API.csproj", "{4D7BD800-D810-4D51-8BF1-4671534C04EE}"
EndProject
Project("{9A19103F-16F7-4668-BE54-9A1E7A4F7556}") = "NCKH.Core.Domain", "NCKH.Core.Domain\NCKH.Core.Domain.csproj", "{3DA38CFE-1E8D-4038-B99F-E59F9076E841}"
EndProject
Project("{9A19103F-16F7-4668-BE54-9A1E7A4F7556}") = "NCKH.Infrastruture.Binding", "NCKH.Infrastruture.Binding\NCKH.Infrastruture.Binding.csproj", "{0C447420-04A0-40D9-AE92-47E02994DA6D}"
EndProject
Project("{2150E333-8FDC-42A3-9474-1A3956D46DE8}") = "FileManagenment", "FileManagenment", "{E954A655-6C75-4909-AE7F-4F038E1C22AD}"
EndProject
Project("{9A19103F-16F7-4668-BE54-9A1E7A4F7556}") = "NCKH.QLDA.FileManagenment.API", "NCKH.QLDA.FileManagenment.API\NCKH.QLDA.FileManagenment.API.csproj", "{D159C022-BB75-4F46-8957-8DAD70AAB857}"
EndProject
Project("{2150E333-8FDC-42A3-9474-1A3956D46DE8}") = "NCKH.EduSoft.api", "NCKH.EduSoft.api", "{F47ED654-49F7-4131-A201-4B8D7847EC2D}"
EndProject
Project("{2150E333-8FDC-42A3-9474-1A3956D46DE8}") = "Core", "Core", "{B5A5923C-16B3-4242-BAB3-8237DBDC924F}"
EndProject
Project("{2150E333-8FDC-42A3-9474-1A3956D46DE8}") = "NCKH.Infrastruture.Binding", "NCKH.Infrastruture.Binding", "{5A835151-3CE1-4CC6-B40F-47BB0F47ADA1}"
EndProject
Project("{2150E333-8FDC-42A3-9474-1A3956D46DE8}") = "EdsoftDB", "EdsoftDB", "{F5D98FD1-C51D-48EA-870C-0ECED0E8E82B}"
EndProject
Project("{FAE04EC0-301F-11D3-BF4B-00C04F79EFBC}") = "CreateEdusoftDB", "CreateEdusoftDB\CreateEdusoftDB.csproj", "{DDCA849C-2FEE-46BA-BDA8-F88409ED2621}"
EndProject
Project("{9A19103F-16F7-4668-BE54-9A1E7A4F7556}") = "NCKH.Core.Infrastructure", "NCKH.Core.Infrastructure\NCKH.Core.Infrastructure.csproj", "{6775EE53-7152-4A99-8BF9-63A06E63B76A}"
EndProject
Project("{2150E333-8FDC-42A3-9474-1A3956D46DE8}") = "HeThong_QLDA", "HeThong_QLDA", "{DECCEF85-F870-48E4-A39E-15ACF24E95F1}"
EndProject
Project("{9A19103F-16F7-4668-BE54-9A1E7A4F7556}") = "WebSite.Core.Domain", "WebSite.Core.Domain\WebSite.Core.Domain.csproj", "{BF5BB808-4DD1-4D5C-977B-E2D92AC3D7BF}"
EndProject
Project("{9A19103F-16F7-4668-BE54-9A1E7A4F7556}") = "WebSite.Core.Infrastructure", "WebSite.Core.Infrastructure\WebSite.Core.Infrastructure.csproj", "{89D350A0-1FC2-4133-9E51-286FDC222549}"
EndProject
Project("{9A19103F-16F7-4668-BE54-9A1E7A4F7556}") = "WebSite.Core.API", "WebSite.Core.API\WebSite.Core.API.csproj", "{FEBE314D-3D6D-4CD3-929E-56ED6C01352F}"
EndProject
Project("{2150E333-8FDC-42A3-9474-1A3956D46DE8}") = "Authentications", "Authentications", "{DAC81BFC-C176-43BC-B1D1-09E49EB43220}"
EndProject
Project("{FAE04EC0-301F-11D3-BF4B-00C04F79EFBC}") = "Au.Authentication", "Au.Authentication\Au.Authentication.csproj", "{829E4BF6-F952-4813-8399-A27B91B9A785}"
EndProject
Project("{FAE04EC0-301F-11D3-BF4B-00C04F79EFBC}") = "Core.Domain", "Core.Domain\Core.Domain.csproj", "{A7A02950-883C-401F-801F-2F315FCE9610}"
EndProject
Project("{FAE04EC0-301F-11D3-BF4B-00C04F79EFBC}") = "Core.Infrastructure", "Core.Infrastructure\Core.Infrastructure.csproj", "{497655C7-4F64-466D-B088-2EC8162FF730}"
EndProject
Project("{FAE04EC0-301F-11D3-BF4B-00C04F79EFBC}") = "Core.API", "Core.API\Core.API.csproj", "{41070580-F251-4129-9B0F-8AD667EA2D8B}"
EndProject
Global
	GlobalSection(SolutionConfigurationPlatforms) = preSolution
		Debug|Any CPU = Debug|Any CPU
		Release|Any CPU = Release|Any CPU
	EndGlobalSection
	GlobalSection(ProjectConfigurationPlatforms) = postSolution
		{4D7BD800-D810-4D51-8BF1-4671534C04EE}.Debug|Any CPU.ActiveCfg = Debug|Any CPU
		{4D7BD800-D810-4D51-8BF1-4671534C04EE}.Debug|Any CPU.Build.0 = Debug|Any CPU
		{4D7BD800-D810-4D51-8BF1-4671534C04EE}.Release|Any CPU.ActiveCfg = Release|Any CPU
		{4D7BD800-D810-4D51-8BF1-4671534C04EE}.Release|Any CPU.Build.0 = Release|Any CPU
		{3DA38CFE-1E8D-4038-B99F-E59F9076E841}.Debug|Any CPU.ActiveCfg = Debug|Any CPU
		{3DA38CFE-1E8D-4038-B99F-E59F9076E841}.Debug|Any CPU.Build.0 = Debug|Any CPU
		{3DA38CFE-1E8D-4038-B99F-E59F9076E841}.Release|Any CPU.ActiveCfg = Release|Any CPU
		{3DA38CFE-1E8D-4038-B99F-E59F9076E841}.Release|Any CPU.Build.0 = Release|Any CPU
		{0C447420-04A0-40D9-AE92-47E02994DA6D}.Debug|Any CPU.ActiveCfg = Debug|Any CPU
		{0C447420-04A0-40D9-AE92-47E02994DA6D}.Debug|Any CPU.Build.0 = Debug|Any CPU
		{0C447420-04A0-40D9-AE92-47E02994DA6D}.Release|Any CPU.ActiveCfg = Release|Any CPU
		{0C447420-04A0-40D9-AE92-47E02994DA6D}.Release|Any CPU.Build.0 = Release|Any CPU
		{D159C022-BB75-4F46-8957-8DAD70AAB857}.Debug|Any CPU.ActiveCfg = Debug|Any CPU
		{D159C022-BB75-4F46-8957-8DAD70AAB857}.Debug|Any CPU.Build.0 = Debug|Any CPU
		{D159C022-BB75-4F46-8957-8DAD70AAB857}.Release|Any CPU.ActiveCfg = Release|Any CPU
		{D159C022-BB75-4F46-8957-8DAD70AAB857}.Release|Any CPU.Build.0 = Release|Any CPU
		{DDCA849C-2FEE-46BA-BDA8-F88409ED2621}.Debug|Any CPU.ActiveCfg = Debug|Any CPU
		{DDCA849C-2FEE-46BA-BDA8-F88409ED2621}.Debug|Any CPU.Build.0 = Debug|Any CPU
		{DDCA849C-2FEE-46BA-BDA8-F88409ED2621}.Release|Any CPU.ActiveCfg = Release|Any CPU
		{DDCA849C-2FEE-46BA-BDA8-F88409ED2621}.Release|Any CPU.Build.0 = Release|Any CPU
		{6775EE53-7152-4A99-8BF9-63A06E63B76A}.Debug|Any CPU.ActiveCfg = Debug|Any CPU
		{6775EE53-7152-4A99-8BF9-63A06E63B76A}.Debug|Any CPU.Build.0 = Debug|Any CPU
		{6775EE53-7152-4A99-8BF9-63A06E63B76A}.Release|Any CPU.ActiveCfg = Release|Any CPU
		{6775EE53-7152-4A99-8BF9-63A06E63B76A}.Release|Any CPU.Build.0 = Release|Any CPU
		{BF5BB808-4DD1-4D5C-977B-E2D92AC3D7BF}.Debug|Any CPU.ActiveCfg = Debug|Any CPU
		{BF5BB808-4DD1-4D5C-977B-E2D92AC3D7BF}.Debug|Any CPU.Build.0 = Debug|Any CPU
		{BF5BB808-4DD1-4D5C-977B-E2D92AC3D7BF}.Release|Any CPU.ActiveCfg = Release|Any CPU
		{BF5BB808-4DD1-4D5C-977B-E2D92AC3D7BF}.Release|Any CPU.Build.0 = Release|Any CPU
		{89D350A0-1FC2-4133-9E51-286FDC222549}.Debug|Any CPU.ActiveCfg = Debug|Any CPU
		{89D350A0-1FC2-4133-9E51-286FDC222549}.Debug|Any CPU.Build.0 = Debug|Any CPU
		{89D350A0-1FC2-4133-9E51-286FDC222549}.Release|Any CPU.ActiveCfg = Release|Any CPU
		{89D350A0-1FC2-4133-9E51-286FDC222549}.Release|Any CPU.Build.0 = Release|Any CPU
		{FEBE314D-3D6D-4CD3-929E-56ED6C01352F}.Debug|Any CPU.ActiveCfg = Debug|Any CPU
		{FEBE314D-3D6D-4CD3-929E-56ED6C01352F}.Debug|Any CPU.Build.0 = Debug|Any CPU
		{FEBE314D-3D6D-4CD3-929E-56ED6C01352F}.Release|Any CPU.ActiveCfg = Release|Any CPU
		{FEBE314D-3D6D-4CD3-929E-56ED6C01352F}.Release|Any CPU.Build.0 = Release|Any CPU
		{829E4BF6-F952-4813-8399-A27B91B9A785}.Debug|Any CPU.ActiveCfg = Debug|Any CPU
		{829E4BF6-F952-4813-8399-A27B91B9A785}.Debug|Any CPU.Build.0 = Debug|Any CPU
		{829E4BF6-F952-4813-8399-A27B91B9A785}.Release|Any CPU.ActiveCfg = Release|Any CPU
		{829E4BF6-F952-4813-8399-A27B91B9A785}.Release|Any CPU.Build.0 = Release|Any CPU
		{A7A02950-883C-401F-801F-2F315FCE9610}.Debug|Any CPU.ActiveCfg = Debug|Any CPU
		{A7A02950-883C-401F-801F-2F315FCE9610}.Debug|Any CPU.Build.0 = Debug|Any CPU
		{A7A02950-883C-401F-801F-2F315FCE9610}.Release|Any CPU.ActiveCfg = Release|Any CPU
		{A7A02950-883C-401F-801F-2F315FCE9610}.Release|Any CPU.Build.0 = Release|Any CPU
		{497655C7-4F64-466D-B088-2EC8162FF730}.Debug|Any CPU.ActiveCfg = Debug|Any CPU
		{497655C7-4F64-466D-B088-2EC8162FF730}.Debug|Any CPU.Build.0 = Debug|Any CPU
		{497655C7-4F64-466D-B088-2EC8162FF730}.Release|Any CPU.ActiveCfg = Release|Any CPU
		{497655C7-4F64-466D-B088-2EC8162FF730}.Release|Any CPU.Build.0 = Release|Any CPU
		{41070580-F251-4129-9B0F-8AD667EA2D8B}.Debug|Any CPU.ActiveCfg = Debug|Any CPU
		{41070580-F251-4129-9B0F-8AD667EA2D8B}.Debug|Any CPU.Build.0 = Debug|Any CPU
		{41070580-F251-4129-9B0F-8AD667EA2D8B}.Release|Any CPU.ActiveCfg = Release|Any CPU
		{41070580-F251-4129-9B0F-8AD667EA2D8B}.Release|Any CPU.Build.0 = Release|Any CPU
	EndGlobalSection
	GlobalSection(SolutionProperties) = preSolution
		HideSolutionNode = FALSE
	EndGlobalSection
	GlobalSection(NestedProjects) = preSolution
		{4D7BD800-D810-4D51-8BF1-4671534C04EE} = {F47ED654-49F7-4131-A201-4B8D7847EC2D}
		{3DA38CFE-1E8D-4038-B99F-E59F9076E841} = {F47ED654-49F7-4131-A201-4B8D7847EC2D}
		{0C447420-04A0-40D9-AE92-47E02994DA6D} = {5A835151-3CE1-4CC6-B40F-47BB0F47ADA1}
		{D159C022-BB75-4F46-8957-8DAD70AAB857} = {E954A655-6C75-4909-AE7F-4F038E1C22AD}
		{DDCA849C-2FEE-46BA-BDA8-F88409ED2621} = {F5D98FD1-C51D-48EA-870C-0ECED0E8E82B}
		{6775EE53-7152-4A99-8BF9-63A06E63B76A} = {F47ED654-49F7-4131-A201-4B8D7847EC2D}
		{BF5BB808-4DD1-4D5C-977B-E2D92AC3D7BF} = {DECCEF85-F870-48E4-A39E-15ACF24E95F1}
		{89D350A0-1FC2-4133-9E51-286FDC222549} = {DECCEF85-F870-48E4-A39E-15ACF24E95F1}
		{FEBE314D-3D6D-4CD3-929E-56ED6C01352F} = {DECCEF85-F870-48E4-A39E-15ACF24E95F1}
		{829E4BF6-F952-4813-8399-A27B91B9A785} = {DAC81BFC-C176-43BC-B1D1-09E49EB43220}
		{A7A02950-883C-401F-801F-2F315FCE9610} = {B5A5923C-16B3-4242-BAB3-8237DBDC924F}
		{497655C7-4F64-466D-B088-2EC8162FF730} = {B5A5923C-16B3-4242-BAB3-8237DBDC924F}
		{41070580-F251-4129-9B0F-8AD667EA2D8B} = {B5A5923C-16B3-4242-BAB3-8237DBDC924F}
	EndGlobalSection
	GlobalSection(ExtensibilityGlobals) = postSolution
		SolutionGuid = {AB623771-7379-4088-9EA6-86B123963746}
	EndGlobalSection
EndGlobal
